
Microsoft Visual Studio Solution File, Format Version 12.00
# Visual Studio 15
VisualStudioVersion = 15.0.26228.9
MinimumVisualStudioVersion = 10.0.40219.1
Project("{FAE04EC0-301F-11D3-BF4B-00C04F79EFBC}") = "Pedidos.Android", "Pedidos\Pedidos.Android\Pedidos.Android.csproj", "{6DF469AF-E462-4D66-B9DF-12E19850376B}"
EndProject
Project("{FAE04EC0-301F-11D3-BF4B-00C04F79EFBC}") = "Pedidos", "Pedidos\Pedidos\Pedidos.csproj", "{19345273-2781-44CC-9A27-4B256C6C7645}"
EndProject
Project("{FAE04EC0-301F-11D3-BF4B-00C04F79EFBC}") = "Pedidos.UWP", "Pedidos\Pedidos.UWP\Pedidos.UWP.csproj", "{1AAF6A31-5560-4FD6-9DAA-D16A1D7B4654}"
EndProject
Project("{FAE04EC0-301F-11D3-BF4B-00C04F79EFBC}") = "Pedidos.iOS", "Pedidos\Pedidos.iOS\Pedidos.iOS.csproj", "{2C46C87B-E13D-466B-853B-C355A8C11A00}"
EndProject
Global
	GlobalSection(SolutionConfigurationPlatforms) = preSolution
		Ad-Hoc|Any CPU = Ad-Hoc|Any CPU
		Ad-Hoc|ARM = Ad-Hoc|ARM
		Ad-Hoc|iPhone = Ad-Hoc|iPhone
		Ad-Hoc|iPhoneSimulator = Ad-Hoc|iPhoneSimulator
		Ad-Hoc|x64 = Ad-Hoc|x64
		Ad-Hoc|x86 = Ad-Hoc|x86
		AppStore|Any CPU = AppStore|Any CPU
		AppStore|ARM = AppStore|ARM
		AppStore|iPhone = AppStore|iPhone
		AppStore|iPhoneSimulator = AppStore|iPhoneSimulator
		AppStore|x64 = AppStore|x64
		AppStore|x86 = AppStore|x86
		Debug|Any CPU = Debug|Any CPU
		Debug|ARM = Debug|ARM
		Debug|iPhone = Debug|iPhone
		Debug|iPhoneSimulator = Debug|iPhoneSimulator
		Debug|x64 = Debug|x64
		Debug|x86 = Debug|x86
		Release|Any CPU = Release|Any CPU
		Release|ARM = Release|ARM
		Release|iPhone = Release|iPhone
		Release|iPhoneSimulator = Release|iPhoneSimulator
		Release|x64 = Release|x64
		Release|x86 = Release|x86
	EndGlobalSection
	GlobalSection(ProjectConfigurationPlatforms) = postSolution
		{6DF469AF-E462-4D66-B9DF-12E19850376B}.Ad-Hoc|Any CPU.ActiveCfg = Release|Any CPU
		{6DF469AF-E462-4D66-B9DF-12E19850376B}.Ad-Hoc|Any CPU.Build.0 = Release|Any CPU
		{6DF469AF-E462-4D66-B9DF-12E19850376B}.Ad-Hoc|Any CPU.Deploy.0 = Release|Any CPU
		{6DF469AF-E462-4D66-B9DF-12E19850376B}.Ad-Hoc|ARM.ActiveCfg = Release|Any CPU
		{6DF469AF-E462-4D66-B9DF-12E19850376B}.Ad-Hoc|ARM.Build.0 = Release|Any CPU
		{6DF469AF-E462-4D66-B9DF-12E19850376B}.Ad-Hoc|ARM.Deploy.0 = Release|Any CPU
		{6DF469AF-E462-4D66-B9DF-12E19850376B}.Ad-Hoc|iPhone.ActiveCfg = Release|Any CPU
		{6DF469AF-E462-4D66-B9DF-12E19850376B}.Ad-Hoc|iPhone.Build.0 = Release|Any CPU
		{6DF469AF-E462-4D66-B9DF-12E19850376B}.Ad-Hoc|iPhone.Deploy.0 = Release|Any CPU
		{6DF469AF-E462-4D66-B9DF-12E19850376B}.Ad-Hoc|iPhoneSimulator.ActiveCfg = Release|Any CPU
		{6DF469AF-E462-4D66-B9DF-12E19850376B}.Ad-Hoc|iPhoneSimulator.Build.0 = Release|Any CPU
		{6DF469AF-E462-4D66-B9DF-12E19850376B}.Ad-Hoc|iPhoneSimulator.Deploy.0 = Release|Any CPU
		{6DF469AF-E462-4D66-B9DF-12E19850376B}.Ad-Hoc|x64.ActiveCfg = Release|Any CPU
		{6DF469AF-E462-4D66-B9DF-12E19850376B}.Ad-Hoc|x64.Build.0 = Release|Any CPU
		{6DF469AF-E462-4D66-B9DF-12E19850376B}.Ad-Hoc|x64.Deploy.0 = Release|Any CPU
		{6DF469AF-E462-4D66-B9DF-12E19850376B}.Ad-Hoc|x86.ActiveCfg = Release|Any CPU
		{6DF469AF-E462-4D66-B9DF-12E19850376B}.Ad-Hoc|x86.Build.0 = Release|Any CPU
		{6DF469AF-E462-4D66-B9DF-12E19850376B}.Ad-Hoc|x86.Deploy.0 = Release|Any CPU
		{6DF469AF-E462-4D66-B9DF-12E19850376B}.AppStore|Any CPU.ActiveCfg = Release|Any CPU
		{6DF469AF-E462-4D66-B9DF-12E19850376B}.AppStore|Any CPU.Build.0 = Release|Any CPU
		{6DF469AF-E462-4D66-B9DF-12E19850376B}.AppStore|Any CPU.Deploy.0 = Release|Any CPU
		{6DF469AF-E462-4D66-B9DF-12E19850376B}.AppStore|ARM.ActiveCfg = Release|Any CPU
		{6DF469AF-E462-4D66-B9DF-12E19850376B}.AppStore|ARM.Build.0 = Release|Any CPU
		{6DF469AF-E462-4D66-B9DF-12E19850376B}.AppStore|ARM.Deploy.0 = Release|Any CPU
		{6DF469AF-E462-4D66-B9DF-12E19850376B}.AppStore|iPhone.ActiveCfg = Release|Any CPU
		{6DF469AF-E462-4D66-B9DF-12E19850376B}.AppStore|iPhone.Build.0 = Release|Any CPU
		{6DF469AF-E462-4D66-B9DF-12E19850376B}.AppStore|iPhone.Deploy.0 = Release|Any CPU
		{6DF469AF-E462-4D66-B9DF-12E19850376B}.AppStore|iPhoneSimulator.ActiveCfg = Release|Any CPU
		{6DF469AF-E462-4D66-B9DF-12E19850376B}.AppStore|iPhoneSimulator.Build.0 = Release|Any CPU
		{6DF469AF-E462-4D66-B9DF-12E19850376B}.AppStore|iPhoneSimulator.Deploy.0 = Release|Any CPU
		{6DF469AF-E462-4D66-B9DF-12E19850376B}.AppStore|x64.ActiveCfg = Release|Any CPU
		{6DF469AF-E462-4D66-B9DF-12E19850376B}.AppStore|x64.Build.0 = Release|Any CPU
		{6DF469AF-E462-4D66-B9DF-12E19850376B}.AppStore|x64.Deploy.0 = Release|Any CPU
		{6DF469AF-E462-4D66-B9DF-12E19850376B}.AppStore|x86.ActiveCfg = Release|Any CPU
		{6DF469AF-E462-4D66-B9DF-12E19850376B}.AppStore|x86.Build.0 = Release|Any CPU
		{6DF469AF-E462-4D66-B9DF-12E19850376B}.AppStore|x86.Deploy.0 = Release|Any CPU
		{6DF469AF-E462-4D66-B9DF-12E19850376B}.Debug|Any CPU.ActiveCfg = Debug|Any CPU
		{6DF469AF-E462-4D66-B9DF-12E19850376B}.Debug|Any CPU.Build.0 = Debug|Any CPU
		{6DF469AF-E462-4D66-B9DF-12E19850376B}.Debug|Any CPU.Deploy.0 = Debug|Any CPU
		{6DF469AF-E462-4D66-B9DF-12E19850376B}.Debug|ARM.ActiveCfg = Debug|Any CPU
		{6DF469AF-E462-4D66-B9DF-12E19850376B}.Debug|ARM.Build.0 = Debug|Any CPU
		{6DF469AF-E462-4D66-B9DF-12E19850376B}.Debug|ARM.Deploy.0 = Debug|Any CPU
		{6DF469AF-E462-4D66-B9DF-12E19850376B}.Debug|iPhone.ActiveCfg = Debug|Any CPU
		{6DF469AF-E462-4D66-B9DF-12E19850376B}.Debug|iPhone.Build.0 = Debug|Any CPU
		{6DF469AF-E462-4D66-B9DF-12E19850376B}.Debug|iPhone.Deploy.0 = Debug|Any CPU
		{6DF469AF-E462-4D66-B9DF-12E19850376B}.Debug|iPhoneSimulator.ActiveCfg = Debug|Any CPU
		{6DF469AF-E462-4D66-B9DF-12E19850376B}.Debug|iPhoneSimulator.Build.0 = Debug|Any CPU
		{6DF469AF-E462-4D66-B9DF-12E19850376B}.Debug|iPhoneSimulator.Deploy.0 = Debug|Any CPU
		{6DF469AF-E462-4D66-B9DF-12E19850376B}.Debug|x64.ActiveCfg = Debug|Any CPU
		{6DF469AF-E462-4D66-B9DF-12E19850376B}.Debug|x64.Build.0 = Debug|Any CPU
		{6DF469AF-E462-4D66-B9DF-12E19850376B}.Debug|x64.Deploy.0 = Debug|Any CPU
		{6DF469AF-E462-4D66-B9DF-12E19850376B}.Debug|x86.ActiveCfg = Debug|Any CPU
		{6DF469AF-E462-4D66-B9DF-12E19850376B}.Debug|x86.Build.0 = Debug|Any CPU
		{6DF469AF-E462-4D66-B9DF-12E19850376B}.Debug|x86.Deploy.0 = Debug|Any CPU
		{6DF469AF-E462-4D66-B9DF-12E19850376B}.Release|Any CPU.ActiveCfg = Release|Any CPU
		{6DF469AF-E462-4D66-B9DF-12E19850376B}.Release|Any CPU.Build.0 = Release|Any CPU
		{6DF469AF-E462-4D66-B9DF-12E19850376B}.Release|Any CPU.Deploy.0 = Release|Any CPU
		{6DF469AF-E462-4D66-B9DF-12E19850376B}.Release|ARM.ActiveCfg = Release|Any CPU
		{6DF469AF-E462-4D66-B9DF-12E19850376B}.Release|ARM.Build.0 = Release|Any CPU
		{6DF469AF-E462-4D66-B9DF-12E19850376B}.Release|ARM.Deploy.0 = Release|Any CPU
		{6DF469AF-E462-4D66-B9DF-12E19850376B}.Release|iPhone.ActiveCfg = Release|Any CPU
		{6DF469AF-E462-4D66-B9DF-12E19850376B}.Release|iPhone.Build.0 = Release|Any CPU
		{6DF469AF-E462-4D66-B9DF-12E19850376B}.Release|iPhone.Deploy.0 = Release|Any CPU
		{6DF469AF-E462-4D66-B9DF-12E19850376B}.Release|iPhoneSimulator.ActiveCfg = Release|Any CPU
		{6DF469AF-E462-4D66-B9DF-12E19850376B}.Release|iPhoneSimulator.Build.0 = Release|Any CPU
		{6DF469AF-E462-4D66-B9DF-12E19850376B}.Release|iPhoneSimulator.Deploy.0 = Release|Any CPU
		{6DF469AF-E462-4D66-B9DF-12E19850376B}.Release|x64.ActiveCfg = Release|Any CPU
		{6DF469AF-E462-4D66-B9DF-12E19850376B}.Release|x64.Build.0 = Release|Any CPU
		{6DF469AF-E462-4D66-B9DF-12E19850376B}.Release|x64.Deploy.0 = Release|Any CPU
		{6DF469AF-E462-4D66-B9DF-12E19850376B}.Release|x86.ActiveCfg = Release|Any CPU
		{6DF469AF-E462-4D66-B9DF-12E19850376B}.Release|x86.Build.0 = Release|Any CPU
		{6DF469AF-E462-4D66-B9DF-12E19850376B}.Release|x86.Deploy.0 = Release|Any CPU
		{19345273-2781-44CC-9A27-4B256C6C7645}.Ad-Hoc|Any CPU.ActiveCfg = Release|Any CPU
		{19345273-2781-44CC-9A27-4B256C6C7645}.Ad-Hoc|Any CPU.Build.0 = Release|Any CPU
		{19345273-2781-44CC-9A27-4B256C6C7645}.Ad-Hoc|ARM.ActiveCfg = Release|Any CPU
		{19345273-2781-44CC-9A27-4B256C6C7645}.Ad-Hoc|ARM.Build.0 = Release|Any CPU
		{19345273-2781-44CC-9A27-4B256C6C7645}.Ad-Hoc|iPhone.ActiveCfg = Release|Any CPU
		{19345273-2781-44CC-9A27-4B256C6C7645}.Ad-Hoc|iPhone.Build.0 = Release|Any CPU
		{19345273-2781-44CC-9A27-4B256C6C7645}.Ad-Hoc|iPhoneSimulator.ActiveCfg = Release|Any CPU
		{19345273-2781-44CC-9A27-4B256C6C7645}.Ad-Hoc|iPhoneSimulator.Build.0 = Release|Any CPU
		{19345273-2781-44CC-9A27-4B256C6C7645}.Ad-Hoc|x64.ActiveCfg = Release|Any CPU
		{19345273-2781-44CC-9A27-4B256C6C7645}.Ad-Hoc|x64.Build.0 = Release|Any CPU
		{19345273-2781-44CC-9A27-4B256C6C7645}.Ad-Hoc|x86.ActiveCfg = Release|Any CPU
		{19345273-2781-44CC-9A27-4B256C6C7645}.Ad-Hoc|x86.Build.0 = Release|Any CPU
		{19345273-2781-44CC-9A27-4B256C6C7645}.AppStore|Any CPU.ActiveCfg = Release|Any CPU
		{19345273-2781-44CC-9A27-4B256C6C7645}.AppStore|Any CPU.Build.0 = Release|Any CPU
		{19345273-2781-44CC-9A27-4B256C6C7645}.AppStore|ARM.ActiveCfg = Release|Any CPU
		{19345273-2781-44CC-9A27-4B256C6C7645}.AppStore|ARM.Build.0 = Release|Any CPU
		{19345273-2781-44CC-9A27-4B256C6C7645}.AppStore|iPhone.ActiveCfg = Release|Any CPU
		{19345273-2781-44CC-9A27-4B256C6C7645}.AppStore|iPhone.Build.0 = Release|Any CPU
		{19345273-2781-44CC-9A27-4B256C6C7645}.AppStore|iPhoneSimulator.ActiveCfg = Release|Any CPU
		{19345273-2781-44CC-9A27-4B256C6C7645}.AppStore|iPhoneSimulator.Build.0 = Release|Any CPU
		{19345273-2781-44CC-9A27-4B256C6C7645}.AppStore|x64.ActiveCfg = Release|Any CPU
		{19345273-2781-44CC-9A27-4B256C6C7645}.AppStore|x64.Build.0 = Release|Any CPU
		{19345273-2781-44CC-9A27-4B256C6C7645}.AppStore|x86.ActiveCfg = Release|Any CPU
		{19345273-2781-44CC-9A27-4B256C6C7645}.AppStore|x86.Build.0 = Release|Any CPU
		{19345273-2781-44CC-9A27-4B256C6C7645}.Debug|Any CPU.ActiveCfg = Debug|Any CPU
		{19345273-2781-44CC-9A27-4B256C6C7645}.Debug|Any CPU.Build.0 = Debug|Any CPU
		{19345273-2781-44CC-9A27-4B256C6C7645}.Debug|ARM.ActiveCfg = Debug|Any CPU
		{19345273-2781-44CC-9A27-4B256C6C7645}.Debug|ARM.Build.0 = Debug|Any CPU
		{19345273-2781-44CC-9A27-4B256C6C7645}.Debug|iPhone.ActiveCfg = Debug|Any CPU
		{19345273-2781-44CC-9A27-4B256C6C7645}.Debug|iPhone.Build.0 = Debug|Any CPU
		{19345273-2781-44CC-9A27-4B256C6C7645}.Debug|iPhoneSimulator.ActiveCfg = Debug|Any CPU
		{19345273-2781-44CC-9A27-4B256C6C7645}.Debug|iPhoneSimulator.Build.0 = Debug|Any CPU
		{19345273-2781-44CC-9A27-4B256C6C7645}.Debug|x64.ActiveCfg = Debug|Any CPU
		{19345273-2781-44CC-9A27-4B256C6C7645}.Debug|x64.Build.0 = Debug|Any CPU
		{19345273-2781-44CC-9A27-4B256C6C7645}.Debug|x86.ActiveCfg = Debug|Any CPU
		{19345273-2781-44CC-9A27-4B256C6C7645}.Debug|x86.Build.0 = Debug|Any CPU
		{19345273-2781-44CC-9A27-4B256C6C7645}.Release|Any CPU.ActiveCfg = Release|Any CPU
		{19345273-2781-44CC-9A27-4B256C6C7645}.Release|Any CPU.Build.0 = Release|Any CPU
		{19345273-2781-44CC-9A27-4B256C6C7645}.Release|ARM.ActiveCfg = Release|Any CPU
		{19345273-2781-44CC-9A27-4B256C6C7645}.Release|ARM.Build.0 = Release|Any CPU
		{19345273-2781-44CC-9A27-4B256C6C7645}.Release|iPhone.ActiveCfg = Release|Any CPU
		{19345273-2781-44CC-9A27-4B256C6C7645}.Release|iPhone.Build.0 = Release|Any CPU
		{19345273-2781-44CC-9A27-4B256C6C7645}.Release|iPhoneSimulator.ActiveCfg = Release|Any CPU
		{19345273-2781-44CC-9A27-4B256C6C7645}.Release|iPhoneSimulator.Build.0 = Release|Any CPU
		{19345273-2781-44CC-9A27-4B256C6C7645}.Release|x64.ActiveCfg = Release|Any CPU
		{19345273-2781-44CC-9A27-4B256C6C7645}.Release|x64.Build.0 = Release|Any CPU
		{19345273-2781-44CC-9A27-4B256C6C7645}.Release|x86.ActiveCfg = Release|Any CPU
		{19345273-2781-44CC-9A27-4B256C6C7645}.Release|x86.Build.0 = Release|Any CPU
		{1AAF6A31-5560-4FD6-9DAA-D16A1D7B4654}.Ad-Hoc|Any CPU.ActiveCfg = Release|x86
		{1AAF6A31-5560-4FD6-9DAA-D16A1D7B4654}.Ad-Hoc|Any CPU.Build.0 = Release|x86
		{1AAF6A31-5560-4FD6-9DAA-D16A1D7B4654}.Ad-Hoc|Any CPU.Deploy.0 = Release|x86
		{1AAF6A31-5560-4FD6-9DAA-D16A1D7B4654}.Ad-Hoc|ARM.ActiveCfg = Release|ARM
		{1AAF6A31-5560-4FD6-9DAA-D16A1D7B4654}.Ad-Hoc|ARM.Build.0 = Release|ARM
		{1AAF6A31-5560-4FD6-9DAA-D16A1D7B4654}.Ad-Hoc|ARM.Deploy.0 = Release|ARM
		{1AAF6A31-5560-4FD6-9DAA-D16A1D7B4654}.Ad-Hoc|iPhone.ActiveCfg = Release|x86
		{1AAF6A31-5560-4FD6-9DAA-D16A1D7B4654}.Ad-Hoc|iPhone.Build.0 = Release|x86
		{1AAF6A31-5560-4FD6-9DAA-D16A1D7B4654}.Ad-Hoc|iPhone.Deploy.0 = Release|x86
		{1AAF6A31-5560-4FD6-9DAA-D16A1D7B4654}.Ad-Hoc|iPhoneSimulator.ActiveCfg = Release|x86
		{1AAF6A31-5560-4FD6-9DAA-D16A1D7B4654}.Ad-Hoc|iPhoneSimulator.Build.0 = Release|x86
		{1AAF6A31-5560-4FD6-9DAA-D16A1D7B4654}.Ad-Hoc|iPhoneSimulator.Deploy.0 = Release|x86
		{1AAF6A31-5560-4FD6-9DAA-D16A1D7B4654}.Ad-Hoc|x64.ActiveCfg = Release|x64
		{1AAF6A31-5560-4FD6-9DAA-D16A1D7B4654}.Ad-Hoc|x64.Build.0 = Release|x64
		{1AAF6A31-5560-4FD6-9DAA-D16A1D7B4654}.Ad-Hoc|x64.Deploy.0 = Release|x64
		{1AAF6A31-5560-4FD6-9DAA-D16A1D7B4654}.Ad-Hoc|x86.ActiveCfg = Release|x86
		{1AAF6A31-5560-4FD6-9DAA-D16A1D7B4654}.Ad-Hoc|x86.Build.0 = Release|x86
		{1AAF6A31-5560-4FD6-9DAA-D16A1D7B4654}.Ad-Hoc|x86.Deploy.0 = Release|x86
		{1AAF6A31-5560-4FD6-9DAA-D16A1D7B4654}.AppStore|Any CPU.ActiveCfg = Release|x86
		{1AAF6A31-5560-4FD6-9DAA-D16A1D7B4654}.AppStore|Any CPU.Build.0 = Release|x86
		{1AAF6A31-5560-4FD6-9DAA-D16A1D7B4654}.AppStore|Any CPU.Deploy.0 = Release|x86
		{1AAF6A31-5560-4FD6-9DAA-D16A1D7B4654}.AppStore|ARM.ActiveCfg = Release|ARM
		{1AAF6A31-5560-4FD6-9DAA-D16A1D7B4654}.AppStore|ARM.Build.0 = Release|ARM
		{1AAF6A31-5560-4FD6-9DAA-D16A1D7B4654}.AppStore|ARM.Deploy.0 = Release|ARM
		{1AAF6A31-5560-4FD6-9DAA-D16A1D7B4654}.AppStore|iPhone.ActiveCfg = Release|x86
		{1AAF6A31-5560-4FD6-9DAA-D16A1D7B4654}.AppStore|iPhone.Build.0 = Release|x86
		{1AAF6A31-5560-4FD6-9DAA-D16A1D7B4654}.AppStore|iPhone.Deploy.0 = Release|x86
		{1AAF6A31-5560-4FD6-9DAA-D16A1D7B4654}.AppStore|iPhoneSimulator.ActiveCfg = Release|x86
		{1AAF6A31-5560-4FD6-9DAA-D16A1D7B4654}.AppStore|iPhoneSimulator.Build.0 = Release|x86
		{1AAF6A31-5560-4FD6-9DAA-D16A1D7B4654}.AppStore|iPhoneSimulator.Deploy.0 = Release|x86
		{1AAF6A31-5560-4FD6-9DAA-D16A1D7B4654}.AppStore|x64.ActiveCfg = Release|x64
		{1AAF6A31-5560-4FD6-9DAA-D16A1D7B4654}.AppStore|x64.Build.0 = Release|x64
		{1AAF6A31-5560-4FD6-9DAA-D16A1D7B4654}.AppStore|x64.Deploy.0 = Release|x64
		{1AAF6A31-5560-4FD6-9DAA-D16A1D7B4654}.AppStore|x86.ActiveCfg = Release|x86
		{1AAF6A31-5560-4FD6-9DAA-D16A1D7B4654}.AppStore|x86.Build.0 = Release|x86
		{1AAF6A31-5560-4FD6-9DAA-D16A1D7B4654}.AppStore|x86.Deploy.0 = Release|x86
		{1AAF6A31-5560-4FD6-9DAA-D16A1D7B4654}.Debug|Any CPU.ActiveCfg = Debug|x86
		{1AAF6A31-5560-4FD6-9DAA-D16A1D7B4654}.Debug|ARM.ActiveCfg = Debug|ARM
		{1AAF6A31-5560-4FD6-9DAA-D16A1D7B4654}.Debug|ARM.Build.0 = Debug|ARM
		{1AAF6A31-5560-4FD6-9DAA-D16A1D7B4654}.Debug|ARM.Deploy.0 = Debug|ARM
		{1AAF6A31-5560-4FD6-9DAA-D16A1D7B4654}.Debug|iPhone.ActiveCfg = Debug|x86
		{1AAF6A31-5560-4FD6-9DAA-D16A1D7B4654}.Debug|iPhoneSimulator.ActiveCfg = Debug|x86
		{1AAF6A31-5560-4FD6-9DAA-D16A1D7B4654}.Debug|x64.ActiveCfg = Debug|x64
		{1AAF6A31-5560-4FD6-9DAA-D16A1D7B4654}.Debug|x64.Build.0 = Debug|x64
		{1AAF6A31-5560-4FD6-9DAA-D16A1D7B4654}.Debug|x64.Deploy.0 = Debug|x64
		{1AAF6A31-5560-4FD6-9DAA-D16A1D7B4654}.Debug|x86.ActiveCfg = Debug|x86
		{1AAF6A31-5560-4FD6-9DAA-D16A1D7B4654}.Debug|x86.Build.0 = Debug|x86
		{1AAF6A31-5560-4FD6-9DAA-D16A1D7B4654}.Debug|x86.Deploy.0 = Debug|x86
		{1AAF6A31-5560-4FD6-9DAA-D16A1D7B4654}.Release|Any CPU.ActiveCfg = Release|x86
		{1AAF6A31-5560-4FD6-9DAA-D16A1D7B4654}.Release|ARM.ActiveCfg = Release|ARM
		{1AAF6A31-5560-4FD6-9DAA-D16A1D7B4654}.Release|ARM.Build.0 = Release|ARM
		{1AAF6A31-5560-4FD6-9DAA-D16A1D7B4654}.Release|ARM.Deploy.0 = Release|ARM
		{1AAF6A31-5560-4FD6-9DAA-D16A1D7B4654}.Release|iPhone.ActiveCfg = Release|x86
		{1AAF6A31-5560-4FD6-9DAA-D16A1D7B4654}.Release|iPhoneSimulator.ActiveCfg = Release|x86
		{1AAF6A31-5560-4FD6-9DAA-D16A1D7B4654}.Release|x64.ActiveCfg = Release|x64
		{1AAF6A31-5560-4FD6-9DAA-D16A1D7B4654}.Release|x64.Build.0 = Release|x64
		{1AAF6A31-5560-4FD6-9DAA-D16A1D7B4654}.Release|x64.Deploy.0 = Release|x64
		{1AAF6A31-5560-4FD6-9DAA-D16A1D7B4654}.Release|x86.ActiveCfg = Release|x86
		{1AAF6A31-5560-4FD6-9DAA-D16A1D7B4654}.Release|x86.Build.0 = Release|x86
		{1AAF6A31-5560-4FD6-9DAA-D16A1D7B4654}.Release|x86.Deploy.0 = Release|x86
		{2C46C87B-E13D-466B-853B-C355A8C11A00}.Ad-Hoc|Any CPU.ActiveCfg = Ad-Hoc|iPhone
		{2C46C87B-E13D-466B-853B-C355A8C11A00}.Ad-Hoc|ARM.ActiveCfg = Ad-Hoc|iPhone
		{2C46C87B-E13D-466B-853B-C355A8C11A00}.Ad-Hoc|iPhone.ActiveCfg = Ad-Hoc|iPhone
		{2C46C87B-E13D-466B-853B-C355A8C11A00}.Ad-Hoc|iPhone.Build.0 = Ad-Hoc|iPhone
		{2C46C87B-E13D-466B-853B-C355A8C11A00}.Ad-Hoc|iPhoneSimulator.ActiveCfg = Ad-Hoc|iPhoneSimulator
		{2C46C87B-E13D-466B-853B-C355A8C11A00}.Ad-Hoc|iPhoneSimulator.Build.0 = Ad-Hoc|iPhoneSimulator
		{2C46C87B-E13D-466B-853B-C355A8C11A00}.Ad-Hoc|x64.ActiveCfg = Ad-Hoc|iPhone
		{2C46C87B-E13D-466B-853B-C355A8C11A00}.Ad-Hoc|x86.ActiveCfg = Ad-Hoc|iPhone
		{2C46C87B-E13D-466B-853B-C355A8C11A00}.AppStore|Any CPU.ActiveCfg = AppStore|iPhone
		{2C46C87B-E13D-466B-853B-C355A8C11A00}.AppStore|ARM.ActiveCfg = AppStore|iPhone
		{2C46C87B-E13D-466B-853B-C355A8C11A00}.AppStore|iPhone.ActiveCfg = AppStore|iPhone
		{2C46C87B-E13D-466B-853B-C355A8C11A00}.AppStore|iPhone.Build.0 = AppStore|iPhone
		{2C46C87B-E13D-466B-853B-C355A8C11A00}.AppStore|iPhoneSimulator.ActiveCfg = AppStore|iPhoneSimulator
		{2C46C87B-E13D-466B-853B-C355A8C11A00}.AppStore|iPhoneSimulator.Build.0 = AppStore|iPhoneSimulator
		{2C46C87B-E13D-466B-853B-C355A8C11A00}.AppStore|x64.ActiveCfg = AppStore|iPhone
		{2C46C87B-E13D-466B-853B-C355A8C11A00}.AppStore|x86.ActiveCfg = AppStore|iPhone
		{2C46C87B-E13D-466B-853B-C355A8C11A00}.Debug|Any CPU.ActiveCfg = Debug|iPhone
		{2C46C87B-E13D-466B-853B-C355A8C11A00}.Debug|ARM.ActiveCfg = Debug|iPhone
		{2C46C87B-E13D-466B-853B-C355A8C11A00}.Debug|iPhone.ActiveCfg = Debug|iPhone
		{2C46C87B-E13D-466B-853B-C355A8C11A00}.Debug|iPhone.Build.0 = Debug|iPhone
		{2C46C87B-E13D-466B-853B-C355A8C11A00}.Debug|iPhoneSimulator.ActiveCfg = Debug|iPhoneSimulator
		{2C46C87B-E13D-466B-853B-C355A8C11A00}.Debug|iPhoneSimulator.Build.0 = Debug|iPhoneSimulator
		{2C46C87B-E13D-466B-853B-C355A8C11A00}.Debug|x64.ActiveCfg = Debug|iPhone
		{2C46C87B-E13D-466B-853B-C355A8C11A00}.Debug|x86.ActiveCfg = Debug|iPhone
		{2C46C87B-E13D-466B-853B-C355A8C11A00}.Release|Any CPU.ActiveCfg = Release|iPhone
		{2C46C87B-E13D-466B-853B-C355A8C11A00}.Release|ARM.ActiveCfg = Release|iPhone
		{2C46C87B-E13D-466B-853B-C355A8C11A00}.Release|iPhone.ActiveCfg = Release|iPhone
		{2C46C87B-E13D-466B-853B-C355A8C11A00}.Release|iPhone.Build.0 = Release|iPhone
		{2C46C87B-E13D-466B-853B-C355A8C11A00}.Release|iPhoneSimulator.ActiveCfg = Release|iPhoneSimulator
		{2C46C87B-E13D-466B-853B-C355A8C11A00}.Release|iPhoneSimulator.Build.0 = Release|iPhoneSimulator
		{2C46C87B-E13D-466B-853B-C355A8C11A00}.Release|x64.ActiveCfg = Release|iPhone
		{2C46C87B-E13D-466B-853B-C355A8C11A00}.Release|x86.ActiveCfg = Release|iPhone
	EndGlobalSection
	GlobalSection(SolutionProperties) = preSolution
		HideSolutionNode = FALSE
	EndGlobalSection
EndGlobal
