
Microsoft Visual Studio Solution File, Format Version 12.00
# Visual Studio 15
VisualStudioVersion = 15.0.27130.2027
MinimumVisualStudioVersion = 10.0.40219.1
Project("{FAE04EC0-301F-11D3-BF4B-00C04F79EFBC}") = "Homebridge", "Homebridge\Homebridge.csproj", "{AF875088-FE7C-4CB6-AF3D-29714DA7DF9C}"
EndProject
Global
	GlobalSection(SolutionConfigurationPlatforms) = preSolution
		Debug|Any CPU = Debug|Any CPU
		Release|Any CPU = Release|Any CPU
	EndGlobalSection
	GlobalSection(ProjectConfigurationPlatforms) = postSolution
		{AF875088-FE7C-4CB6-AF3D-29714DA7DF9C}.Debug|Any CPU.ActiveCfg = Debug|Any CPU
		{AF875088-FE7C-4CB6-AF3D-29714DA7DF9C}.Debug|Any CPU.Build.0 = Debug|Any CPU
		{AF875088-FE7C-4CB6-AF3D-29714DA7DF9C}.Release|Any CPU.ActiveCfg = Release|Any CPU
		{AF875088-FE7C-4CB6-AF3D-29714DA7DF9C}.Release|Any CPU.Build.0 = Release|Any CPU
	EndGlobalSection
	GlobalSection(SolutionProperties) = preSolution
		HideSolutionNode = FALSE
	EndGlobalSection
	GlobalSection(ExtensibilityGlobals) = postSolution
		SolutionGuid = {18ADE9B7-E476-4EDE-85D2-248053DA2BDF}
	EndGlobalSection
EndGlobal
